// !$*UTF8*$!
{
	archiveVersion = 1;
	classes = {
	};
	objectVersion = 46;
	objects = {

/* Begin PBXBuildFile section */
		78E75F421AC5FC48001A93F1 /* AppDelegate.swift in Sources */ = {isa = PBXBuildFile; fileRef = 78E75F411AC5FC48001A93F1 /* AppDelegate.swift */; };
		78E75F441AC5FC48001A93F1 /* ViewController.swift in Sources */ = {isa = PBXBuildFile; fileRef = 78E75F431AC5FC48001A93F1 /* ViewController.swift */; };
		78E75F471AC5FC48001A93F1 /* Main.storyboard in Resources */ = {isa = PBXBuildFile; fileRef = 78E75F451AC5FC48001A93F1 /* Main.storyboard */; };
		78E75F491AC5FC48001A93F1 /* Images.xcassets in Resources */ = {isa = PBXBuildFile; fileRef = 78E75F481AC5FC48001A93F1 /* Images.xcassets */; };
		78E75F4C1AC5FC48001A93F1 /* LaunchScreen.xib in Resources */ = {isa = PBXBuildFile; fileRef = 78E75F4A1AC5FC48001A93F1 /* LaunchScreen.xib */; };
		78E75F581AC5FC48001A93F1 /* UIPageViewControllerTests.swift in Sources */ = {isa = PBXBuildFile; fileRef = 78E75F571AC5FC48001A93F1 /* UIPageViewControllerTests.swift */; };
		78E75F621AC5FCF1001A93F1 /* ContentViewController.swift in Sources */ = {isa = PBXBuildFile; fileRef = 78E75F611AC5FCF1001A93F1 /* ContentViewController.swift */; };
		A445F0B41B7D35F7004B3E1B /* FindSchoolViewController.swift in Sources */ = {isa = PBXBuildFile; fileRef = A445F0B31B7D35F7004B3E1B /* FindSchoolViewController.swift */; };
		A445F0B61B7D3827004B3E1B /* SchoolItem.swift in Sources */ = {isa = PBXBuildFile; fileRef = A445F0B51B7D3827004B3E1B /* SchoolItem.swift */; };
		A445F0F21B7D645A004B3E1B /* SignUpViewController.swift in Sources */ = {isa = PBXBuildFile; fileRef = A445F0F11B7D645A004B3E1B /* SignUpViewController.swift */; };
		A4D3EA701B7EA67500A0480E /* podfile in Resources */ = {isa = PBXBuildFile; fileRef = A4D3EA6F1B7EA67500A0480E /* podfile */; };
		A4D3EA751B7EB80800A0480E /* AWSLambda.framework in Frameworks */ = {isa = PBXBuildFile; fileRef = A4D3EA741B7EB80800A0480E /* AWSLambda.framework */; };
		A4D3EA771B7EB82700A0480E /* AWSCore.framework in Frameworks */ = {isa = PBXBuildFile; fileRef = A4D3EA761B7EB82700A0480E /* AWSCore.framework */; };
		A4D3EA791B7EB85F00A0480E /* AWSCognito.framework in Frameworks */ = {isa = PBXBuildFile; fileRef = A4D3EA781B7EB85F00A0480E /* AWSCognito.framework */; };
		A4D3EA7B1B7EB8DB00A0480E /* libsqlite3.tbd in Frameworks */ = {isa = PBXBuildFile; fileRef = A4D3EA7A1B7EB8DB00A0480E /* libsqlite3.tbd */; };
		A4D3EA7D1B7EB91400A0480E /* libz.tbd in Frameworks */ = {isa = PBXBuildFile; fileRef = A4D3EA7C1B7EB91400A0480E /* libz.tbd */; };
		A4D3EA7F1B7EB92700A0480E /* SystemConfiguration.framework in Frameworks */ = {isa = PBXBuildFile; fileRef = A4D3EA7E1B7EB92700A0480E /* SystemConfiguration.framework */; };
		A4D3EA821B7EC01A00A0480E /* AWSAutoScaling.framework in Frameworks */ = {isa = PBXBuildFile; fileRef = A4D3EA811B7EC01A00A0480E /* AWSAutoScaling.framework */; };
		A4D3EA911B7EC06300A0480E /* AWSCloudWatch.framework in Frameworks */ = {isa = PBXBuildFile; fileRef = A4D3EA831B7EC06200A0480E /* AWSCloudWatch.framework */; };
		A4D3EA931B7EC06300A0480E /* AWSDynamoDB.framework in Frameworks */ = {isa = PBXBuildFile; fileRef = A4D3EA851B7EC06200A0480E /* AWSDynamoDB.framework */; };
		A4D3EA941B7EC06300A0480E /* AWSEC2.framework in Frameworks */ = {isa = PBXBuildFile; fileRef = A4D3EA861B7EC06200A0480E /* AWSEC2.framework */; };
		A4D3EA951B7EC06300A0480E /* AWSElasticLoadBalancing.framework in Frameworks */ = {isa = PBXBuildFile; fileRef = A4D3EA871B7EC06200A0480E /* AWSElasticLoadBalancing.framework */; };
		A4D3EA961B7EC06300A0480E /* AWSKinesis.framework in Frameworks */ = {isa = PBXBuildFile; fileRef = A4D3EA881B7EC06200A0480E /* AWSKinesis.framework */; };
		A4D3EA981B7EC06300A0480E /* AWSMachineLearning.framework in Frameworks */ = {isa = PBXBuildFile; fileRef = A4D3EA8A1B7EC06200A0480E /* AWSMachineLearning.framework */; };
		A4D3EA991B7EC06300A0480E /* AWSMobileAnalytics.framework in Frameworks */ = {isa = PBXBuildFile; fileRef = A4D3EA8B1B7EC06200A0480E /* AWSMobileAnalytics.framework */; };
		A4D3EA9A1B7EC06300A0480E /* AWSS3.framework in Frameworks */ = {isa = PBXBuildFile; fileRef = A4D3EA8C1B7EC06200A0480E /* AWSS3.framework */; };
		A4D3EA9B1B7EC06300A0480E /* AWSSES.framework in Frameworks */ = {isa = PBXBuildFile; fileRef = A4D3EA8D1B7EC06200A0480E /* AWSSES.framework */; };
		A4D3EA9C1B7EC06300A0480E /* AWSSimpleDB.framework in Frameworks */ = {isa = PBXBuildFile; fileRef = A4D3EA8E1B7EC06200A0480E /* AWSSimpleDB.framework */; };
		A4D3EA9D1B7EC06300A0480E /* AWSSNS.framework in Frameworks */ = {isa = PBXBuildFile; fileRef = A4D3EA8F1B7EC06200A0480E /* AWSSNS.framework */; };
		A4D3EA9E1B7EC06300A0480E /* AWSSQS.framework in Frameworks */ = {isa = PBXBuildFile; fileRef = A4D3EA901B7EC06300A0480E /* AWSSQS.framework */; };
/* End PBXBuildFile section */

/* Begin PBXContainerItemProxy section */
		78E75F521AC5FC48001A93F1 /* PBXContainerItemProxy */ = {
			isa = PBXContainerItemProxy;
			containerPortal = 78E75F341AC5FC48001A93F1 /* Project object */;
			proxyType = 1;
			remoteGlobalIDString = 78E75F3B1AC5FC48001A93F1;
			remoteInfo = UIPageViewController;
		};
/* End PBXContainerItemProxy section */

/* Begin PBXFileReference section */
		78E75F3C1AC5FC48001A93F1 /* UIPageViewController.app */ = {isa = PBXFileReference; explicitFileType = wrapper.application; includeInIndex = 0; path = UIPageViewController.app; sourceTree = BUILT_PRODUCTS_DIR; };
		78E75F401AC5FC48001A93F1 /* Info.plist */ = {isa = PBXFileReference; lastKnownFileType = text.plist.xml; path = Info.plist; sourceTree = "<group>"; };
		78E75F411AC5FC48001A93F1 /* AppDelegate.swift */ = {isa = PBXFileReference; lastKnownFileType = sourcecode.swift; path = AppDelegate.swift; sourceTree = "<group>"; };
		78E75F431AC5FC48001A93F1 /* ViewController.swift */ = {isa = PBXFileReference; lastKnownFileType = sourcecode.swift; path = ViewController.swift; sourceTree = "<group>"; };
		78E75F461AC5FC48001A93F1 /* Base */ = {isa = PBXFileReference; lastKnownFileType = file.storyboard; name = Base; path = Base.lproj/Main.storyboard; sourceTree = "<group>"; };
		78E75F481AC5FC48001A93F1 /* Images.xcassets */ = {isa = PBXFileReference; lastKnownFileType = folder.assetcatalog; path = Images.xcassets; sourceTree = "<group>"; };
		78E75F4B1AC5FC48001A93F1 /* Base */ = {isa = PBXFileReference; lastKnownFileType = file.xib; name = Base; path = Base.lproj/LaunchScreen.xib; sourceTree = "<group>"; };
		78E75F511AC5FC48001A93F1 /* UIPageViewControllerTests.xctest */ = {isa = PBXFileReference; explicitFileType = wrapper.cfbundle; includeInIndex = 0; path = UIPageViewControllerTests.xctest; sourceTree = BUILT_PRODUCTS_DIR; };
		78E75F561AC5FC48001A93F1 /* Info.plist */ = {isa = PBXFileReference; lastKnownFileType = text.plist.xml; path = Info.plist; sourceTree = "<group>"; };
		78E75F571AC5FC48001A93F1 /* UIPageViewControllerTests.swift */ = {isa = PBXFileReference; lastKnownFileType = sourcecode.swift; path = UIPageViewControllerTests.swift; sourceTree = "<group>"; };
		78E75F611AC5FCF1001A93F1 /* ContentViewController.swift */ = {isa = PBXFileReference; fileEncoding = 4; lastKnownFileType = sourcecode.swift; path = ContentViewController.swift; sourceTree = "<group>"; };
		A445F0B31B7D35F7004B3E1B /* FindSchoolViewController.swift */ = {isa = PBXFileReference; fileEncoding = 4; lastKnownFileType = sourcecode.swift; path = FindSchoolViewController.swift; sourceTree = "<group>"; };
		A445F0B51B7D3827004B3E1B /* SchoolItem.swift */ = {isa = PBXFileReference; fileEncoding = 4; lastKnownFileType = sourcecode.swift; path = SchoolItem.swift; sourceTree = "<group>"; };
		A445F0F11B7D645A004B3E1B /* SignUpViewController.swift */ = {isa = PBXFileReference; fileEncoding = 4; lastKnownFileType = sourcecode.swift; path = SignUpViewController.swift; sourceTree = "<group>"; };
		A4D3EA6F1B7EA67500A0480E /* podfile */ = {isa = PBXFileReference; fileEncoding = 4; lastKnownFileType = text; path = podfile; sourceTree = "<group>"; };
		A4D3EA721B7EB7D900A0480E /* AWSCore.framework */ = {isa = PBXFileReference; lastKnownFileType = wrapper.framework; name = AWSCore.framework; path = "../../../../aws-ios-sdk-2.2.3/frameworks/AWSCore.framework"; sourceTree = "<group>"; };
		A4D3EA741B7EB80800A0480E /* AWSLambda.framework */ = {isa = PBXFileReference; lastKnownFileType = wrapper.framework; name = AWSLambda.framework; path = "../../../../aws-ios-sdk-2.2.3/frameworks/AWSLambda.framework"; sourceTree = "<group>"; };
		A4D3EA761B7EB82700A0480E /* AWSCore.framework */ = {isa = PBXFileReference; lastKnownFileType = wrapper.framework; name = AWSCore.framework; path = "../../../../aws-ios-sdk-2.2.3/frameworks/AWSCore.framework"; sourceTree = "<group>"; };
		A4D3EA781B7EB85F00A0480E /* AWSCognito.framework */ = {isa = PBXFileReference; lastKnownFileType = wrapper.framework; name = AWSCognito.framework; path = "../../../../aws-ios-sdk-2.2.3/frameworks/extras/AWSCognito.framework"; sourceTree = "<group>"; };
		A4D3EA7A1B7EB8DB00A0480E /* libsqlite3.tbd */ = {isa = PBXFileReference; lastKnownFileType = "sourcecode.text-based-dylib-definition"; name = libsqlite3.tbd; path = usr/lib/libsqlite3.tbd; sourceTree = SDKROOT; };
		A4D3EA7C1B7EB91400A0480E /* libz.tbd */ = {isa = PBXFileReference; lastKnownFileType = "sourcecode.text-based-dylib-definition"; name = libz.tbd; path = usr/lib/libz.tbd; sourceTree = SDKROOT; };
		A4D3EA7E1B7EB92700A0480E /* SystemConfiguration.framework */ = {isa = PBXFileReference; lastKnownFileType = wrapper.framework; name = SystemConfiguration.framework; path = System/Library/Frameworks/SystemConfiguration.framework; sourceTree = SDKROOT; };
		A4D3EA801B7EB98500A0480E /* ObjectiveC_Bridging_Header.h */ = {isa = PBXFileReference; lastKnownFileType = sourcecode.c.h; name = ObjectiveC_Bridging_Header.h; path = ../ObjectiveC_Bridging_Header.h; sourceTree = "<group>"; };
		A4D3EA811B7EC01A00A0480E /* AWSAutoScaling.framework */ = {isa = PBXFileReference; lastKnownFileType = wrapper.framework; name = AWSAutoScaling.framework; path = "../../../../aws-ios-sdk-2.2.3/frameworks/AWSAutoScaling.framework"; sourceTree = "<group>"; };
		A4D3EA831B7EC06200A0480E /* AWSCloudWatch.framework */ = {isa = PBXFileReference; lastKnownFileType = wrapper.framework; name = AWSCloudWatch.framework; path = "../../../../aws-ios-sdk-2.2.3/frameworks/AWSCloudWatch.framework"; sourceTree = "<group>"; };
		A4D3EA841B7EC06200A0480E /* AWSCore.framework */ = {isa = PBXFileReference; lastKnownFileType = wrapper.framework; name = AWSCore.framework; path = "../../../../aws-ios-sdk-2.2.3/frameworks/AWSCore.framework"; sourceTree = "<group>"; };
		A4D3EA851B7EC06200A0480E /* AWSDynamoDB.framework */ = {isa = PBXFileReference; lastKnownFileType = wrapper.framework; name = AWSDynamoDB.framework; path = "../../../../aws-ios-sdk-2.2.3/frameworks/AWSDynamoDB.framework"; sourceTree = "<group>"; };
		A4D3EA861B7EC06200A0480E /* AWSEC2.framework */ = {isa = PBXFileReference; lastKnownFileType = wrapper.framework; name = AWSEC2.framework; path = "../../../../aws-ios-sdk-2.2.3/frameworks/AWSEC2.framework"; sourceTree = "<group>"; };
		A4D3EA871B7EC06200A0480E /* AWSElasticLoadBalancing.framework */ = {isa = PBXFileReference; lastKnownFileType = wrapper.framework; name = AWSElasticLoadBalancing.framework; path = "../../../../aws-ios-sdk-2.2.3/frameworks/AWSElasticLoadBalancing.framework"; sourceTree = "<group>"; };
		A4D3EA881B7EC06200A0480E /* AWSKinesis.framework */ = {isa = PBXFileReference; lastKnownFileType = wrapper.framework; name = AWSKinesis.framework; path = "../../../../aws-ios-sdk-2.2.3/frameworks/AWSKinesis.framework"; sourceTree = "<group>"; };
		A4D3EA891B7EC06200A0480E /* AWSLambda.framework */ = {isa = PBXFileReference; lastKnownFileType = wrapper.framework; name = AWSLambda.framework; path = "../../../../aws-ios-sdk-2.2.3/frameworks/AWSLambda.framework"; sourceTree = "<group>"; };
		A4D3EA8A1B7EC06200A0480E /* AWSMachineLearning.framework */ = {isa = PBXFileReference; lastKnownFileType = wrapper.framework; name = AWSMachineLearning.framework; path = "../../../../aws-ios-sdk-2.2.3/frameworks/AWSMachineLearning.framework"; sourceTree = "<group>"; };
		A4D3EA8B1B7EC06200A0480E /* AWSMobileAnalytics.framework */ = {isa = PBXFileReference; lastKnownFileType = wrapper.framework; name = AWSMobileAnalytics.framework; path = "../../../../aws-ios-sdk-2.2.3/frameworks/AWSMobileAnalytics.framework"; sourceTree = "<group>"; };
		A4D3EA8C1B7EC06200A0480E /* AWSS3.framework */ = {isa = PBXFileReference; lastKnownFileType = wrapper.framework; name = AWSS3.framework; path = "../../../../aws-ios-sdk-2.2.3/frameworks/AWSS3.framework"; sourceTree = "<group>"; };
		A4D3EA8D1B7EC06200A0480E /* AWSSES.framework */ = {isa = PBXFileReference; lastKnownFileType = wrapper.framework; name = AWSSES.framework; path = "../../../../aws-ios-sdk-2.2.3/frameworks/AWSSES.framework"; sourceTree = "<group>"; };
		A4D3EA8E1B7EC06200A0480E /* AWSSimpleDB.framework */ = {isa = PBXFileReference; lastKnownFileType = wrapper.framework; name = AWSSimpleDB.framework; path = "../../../../aws-ios-sdk-2.2.3/frameworks/AWSSimpleDB.framework"; sourceTree = "<group>"; };
		A4D3EA8F1B7EC06200A0480E /* AWSSNS.framework */ = {isa = PBXFileReference; lastKnownFileType = wrapper.framework; name = AWSSNS.framework; path = "../../../../aws-ios-sdk-2.2.3/frameworks/AWSSNS.framework"; sourceTree = "<group>"; };
		A4D3EA901B7EC06300A0480E /* AWSSQS.framework */ = {isa = PBXFileReference; lastKnownFileType = wrapper.framework; name = AWSSQS.framework; path = "../../../../aws-ios-sdk-2.2.3/frameworks/AWSSQS.framework"; sourceTree = "<group>"; };
/* End PBXFileReference section */

/* Begin PBXFrameworksBuildPhase section */
		78E75F391AC5FC48001A93F1 /* Frameworks */ = {
			isa = PBXFrameworksBuildPhase;
			buildActionMask = 2147483647;
			files = (
				A4D3EA7F1B7EB92700A0480E /* SystemConfiguration.framework in Frameworks */,
				A4D3EA9A1B7EC06300A0480E /* AWSS3.framework in Frameworks */,
				A4D3EA961B7EC06300A0480E /* AWSKinesis.framework in Frameworks */,
				A4D3EA7D1B7EB91400A0480E /* libz.tbd in Frameworks */,
				A4D3EA991B7EC06300A0480E /* AWSMobileAnalytics.framework in Frameworks */,
				A4D3EA941B7EC06300A0480E /* AWSEC2.framework in Frameworks */,
				A4D3EA821B7EC01A00A0480E /* AWSAutoScaling.framework in Frameworks */,
				A4D3EA9C1B7EC06300A0480E /* AWSSimpleDB.framework in Frameworks */,
				A4D3EA951B7EC06300A0480E /* AWSElasticLoadBalancing.framework in Frameworks */,
				A4D3EA7B1B7EB8DB00A0480E /* libsqlite3.tbd in Frameworks */,
				A4D3EA9D1B7EC06300A0480E /* AWSSNS.framework in Frameworks */,
				A4D3EA931B7EC06300A0480E /* AWSDynamoDB.framework in Frameworks */,
				A4D3EA9E1B7EC06300A0480E /* AWSSQS.framework in Frameworks */,
				A4D3EA911B7EC06300A0480E /* AWSCloudWatch.framework in Frameworks */,
				A4D3EA751B7EB80800A0480E /* AWSLambda.framework in Frameworks */,
				A4D3EA791B7EB85F00A0480E /* AWSCognito.framework in Frameworks */,
				A4D3EA9B1B7EC06300A0480E /* AWSSES.framework in Frameworks */,
				A4D3EA771B7EB82700A0480E /* AWSCore.framework in Frameworks */,
				A4D3EA981B7EC06300A0480E /* AWSMachineLearning.framework in Frameworks */,
			);
			runOnlyForDeploymentPostprocessing = 0;
		};
		78E75F4E1AC5FC48001A93F1 /* Frameworks */ = {
			isa = PBXFrameworksBuildPhase;
			buildActionMask = 2147483647;
			files = (
			);
			runOnlyForDeploymentPostprocessing = 0;
		};
/* End PBXFrameworksBuildPhase section */

/* Begin PBXGroup section */
		78E75F331AC5FC48001A93F1 = {
			isa = PBXGroup;
			children = (
				A4D3EA831B7EC06200A0480E /* AWSCloudWatch.framework */,
				A4D3EA841B7EC06200A0480E /* AWSCore.framework */,
				A4D3EA851B7EC06200A0480E /* AWSDynamoDB.framework */,
				A4D3EA861B7EC06200A0480E /* AWSEC2.framework */,
				A4D3EA871B7EC06200A0480E /* AWSElasticLoadBalancing.framework */,
				A4D3EA881B7EC06200A0480E /* AWSKinesis.framework */,
				A4D3EA891B7EC06200A0480E /* AWSLambda.framework */,
				A4D3EA8A1B7EC06200A0480E /* AWSMachineLearning.framework */,
				A4D3EA8B1B7EC06200A0480E /* AWSMobileAnalytics.framework */,
				A4D3EA8C1B7EC06200A0480E /* AWSS3.framework */,
				A4D3EA8D1B7EC06200A0480E /* AWSSES.framework */,
				A4D3EA8E1B7EC06200A0480E /* AWSSimpleDB.framework */,
				A4D3EA8F1B7EC06200A0480E /* AWSSNS.framework */,
				A4D3EA901B7EC06300A0480E /* AWSSQS.framework */,
				A4D3EA811B7EC01A00A0480E /* AWSAutoScaling.framework */,
				A4D3EA7E1B7EB92700A0480E /* SystemConfiguration.framework */,
				A4D3EA7C1B7EB91400A0480E /* libz.tbd */,
				A4D3EA7A1B7EB8DB00A0480E /* libsqlite3.tbd */,
				A4D3EA781B7EB85F00A0480E /* AWSCognito.framework */,
				A4D3EA761B7EB82700A0480E /* AWSCore.framework */,
				A4D3EA741B7EB80800A0480E /* AWSLambda.framework */,
				A4D3EA721B7EB7D900A0480E /* AWSCore.framework */,
				A4D3EA6F1B7EA67500A0480E /* podfile */,
				78E75F3E1AC5FC48001A93F1 /* UIPageViewController */,
				78E75F541AC5FC48001A93F1 /* UIPageViewControllerTests */,
				78E75F3D1AC5FC48001A93F1 /* Products */,
			);
			sourceTree = "<group>";
		};
		78E75F3D1AC5FC48001A93F1 /* Products */ = {
			isa = PBXGroup;
			children = (
				78E75F3C1AC5FC48001A93F1 /* UIPageViewController.app */,
				78E75F511AC5FC48001A93F1 /* UIPageViewControllerTests.xctest */,
			);
			name = Products;
			sourceTree = "<group>";
		};
		78E75F3E1AC5FC48001A93F1 /* UIPageViewController */ = {
			isa = PBXGroup;
			children = (
				78E75F411AC5FC48001A93F1 /* AppDelegate.swift */,
				78E75F431AC5FC48001A93F1 /* ViewController.swift */,
				78E75F611AC5FCF1001A93F1 /* ContentViewController.swift */,
				A445F0B31B7D35F7004B3E1B /* FindSchoolViewController.swift */,
				A445F0B51B7D3827004B3E1B /* SchoolItem.swift */,
				A445F0F11B7D645A004B3E1B /* SignUpViewController.swift */,
				78E75F451AC5FC48001A93F1 /* Main.storyboard */,
				78E75F481AC5FC48001A93F1 /* Images.xcassets */,
				78E75F4A1AC5FC48001A93F1 /* LaunchScreen.xib */,
				78E75F3F1AC5FC48001A93F1 /* Supporting Files */,
			);
			path = UIPageViewController;
			sourceTree = "<group>";
		};
		78E75F3F1AC5FC48001A93F1 /* Supporting Files */ = {
			isa = PBXGroup;
			children = (
				A4D3EA801B7EB98500A0480E /* ObjectiveC_Bridging_Header.h */,
				78E75F401AC5FC48001A93F1 /* Info.plist */,
			);
			name = "Supporting Files";
			sourceTree = "<group>";
		};
		78E75F541AC5FC48001A93F1 /* UIPageViewControllerTests */ = {
			isa = PBXGroup;
			children = (
				78E75F571AC5FC48001A93F1 /* UIPageViewControllerTests.swift */,
				78E75F551AC5FC48001A93F1 /* Supporting Files */,
			);
			path = UIPageViewControllerTests;
			sourceTree = "<group>";
		};
		78E75F551AC5FC48001A93F1 /* Supporting Files */ = {
			isa = PBXGroup;
			children = (
				78E75F561AC5FC48001A93F1 /* Info.plist */,
			);
			name = "Supporting Files";
			sourceTree = "<group>";
		};
/* End PBXGroup section */

/* Begin PBXNativeTarget section */
		78E75F3B1AC5FC48001A93F1 /* UIPageViewController */ = {
			isa = PBXNativeTarget;
			buildConfigurationList = 78E75F5B1AC5FC48001A93F1 /* Build configuration list for PBXNativeTarget "UIPageViewController" */;
			buildPhases = (
				78E75F381AC5FC48001A93F1 /* Sources */,
				78E75F391AC5FC48001A93F1 /* Frameworks */,
				78E75F3A1AC5FC48001A93F1 /* Resources */,
			);
			buildRules = (
			);
			dependencies = (
			);
			name = UIPageViewController;
			productName = UIPageViewController;
			productReference = 78E75F3C1AC5FC48001A93F1 /* UIPageViewController.app */;
			productType = "com.apple.product-type.application";
		};
		78E75F501AC5FC48001A93F1 /* UIPageViewControllerTests */ = {
			isa = PBXNativeTarget;
			buildConfigurationList = 78E75F5E1AC5FC48001A93F1 /* Build configuration list for PBXNativeTarget "UIPageViewControllerTests" */;
			buildPhases = (
				78E75F4D1AC5FC48001A93F1 /* Sources */,
				78E75F4E1AC5FC48001A93F1 /* Frameworks */,
				78E75F4F1AC5FC48001A93F1 /* Resources */,
			);
			buildRules = (
			);
			dependencies = (
				78E75F531AC5FC48001A93F1 /* PBXTargetDependency */,
			);
			name = UIPageViewControllerTests;
			productName = UIPageViewControllerTests;
			productReference = 78E75F511AC5FC48001A93F1 /* UIPageViewControllerTests.xctest */;
			productType = "com.apple.product-type.bundle.unit-test";
		};
/* End PBXNativeTarget section */

/* Begin PBXProject section */
		78E75F341AC5FC48001A93F1 /* Project object */ = {
			isa = PBXProject;
			attributes = {
				LastSwiftUpdateCheck = 0700;
				LastUpgradeCheck = 0700;
				ORGANIZATIONNAME = "Vea Software";
				TargetAttributes = {
					78E75F3B1AC5FC48001A93F1 = {
						CreatedOnToolsVersion = 6.2;
						DevelopmentTeam = V39EF4QG4J;
					};
					78E75F501AC5FC48001A93F1 = {
						CreatedOnToolsVersion = 6.2;
						TestTargetID = 78E75F3B1AC5FC48001A93F1;
					};
				};
			};
			buildConfigurationList = 78E75F371AC5FC48001A93F1 /* Build configuration list for PBXProject "UIPageViewController" */;
			compatibilityVersion = "Xcode 3.2";
			developmentRegion = English;
			hasScannedForEncodings = 0;
			knownRegions = (
				en,
				Base,
			);
			mainGroup = 78E75F331AC5FC48001A93F1;
			productRefGroup = 78E75F3D1AC5FC48001A93F1 /* Products */;
			projectDirPath = "";
			projectRoot = "";
			targets = (
				78E75F3B1AC5FC48001A93F1 /* UIPageViewController */,
				78E75F501AC5FC48001A93F1 /* UIPageViewControllerTests */,
			);
		};
/* End PBXProject section */

/* Begin PBXResourcesBuildPhase section */
		78E75F3A1AC5FC48001A93F1 /* Resources */ = {
			isa = PBXResourcesBuildPhase;
			buildActionMask = 2147483647;
			files = (
				78E75F471AC5FC48001A93F1 /* Main.storyboard in Resources */,
				78E75F4C1AC5FC48001A93F1 /* LaunchScreen.xib in Resources */,
				A4D3EA701B7EA67500A0480E /* podfile in Resources */,
				78E75F491AC5FC48001A93F1 /* Images.xcassets in Resources */,
			);
			runOnlyForDeploymentPostprocessing = 0;
		};
		78E75F4F1AC5FC48001A93F1 /* Resources */ = {
			isa = PBXResourcesBuildPhase;
			buildActionMask = 2147483647;
			files = (
			);
			runOnlyForDeploymentPostprocessing = 0;
		};
/* End PBXResourcesBuildPhase section */

/* Begin PBXSourcesBuildPhase section */
		78E75F381AC5FC48001A93F1 /* Sources */ = {
			isa = PBXSourcesBuildPhase;
			buildActionMask = 2147483647;
			files = (
				78E75F441AC5FC48001A93F1 /* ViewController.swift in Sources */,
				A445F0F21B7D645A004B3E1B /* SignUpViewController.swift in Sources */,
				A445F0B41B7D35F7004B3E1B /* FindSchoolViewController.swift in Sources */,
				78E75F621AC5FCF1001A93F1 /* ContentViewController.swift in Sources */,
				78E75F421AC5FC48001A93F1 /* AppDelegate.swift in Sources */,
				A445F0B61B7D3827004B3E1B /* SchoolItem.swift in Sources */,
			);
			runOnlyForDeploymentPostprocessing = 0;
		};
		78E75F4D1AC5FC48001A93F1 /* Sources */ = {
			isa = PBXSourcesBuildPhase;
			buildActionMask = 2147483647;
			files = (
				78E75F581AC5FC48001A93F1 /* UIPageViewControllerTests.swift in Sources */,
			);
			runOnlyForDeploymentPostprocessing = 0;
		};
/* End PBXSourcesBuildPhase section */

/* Begin PBXTargetDependency section */
		78E75F531AC5FC48001A93F1 /* PBXTargetDependency */ = {
			isa = PBXTargetDependency;
			target = 78E75F3B1AC5FC48001A93F1 /* UIPageViewController */;
			targetProxy = 78E75F521AC5FC48001A93F1 /* PBXContainerItemProxy */;
		};
/* End PBXTargetDependency section */

/* Begin PBXVariantGroup section */
		78E75F451AC5FC48001A93F1 /* Main.storyboard */ = {
			isa = PBXVariantGroup;
			children = (
				78E75F461AC5FC48001A93F1 /* Base */,
			);
			name = Main.storyboard;
			sourceTree = "<group>";
		};
		78E75F4A1AC5FC48001A93F1 /* LaunchScreen.xib */ = {
			isa = PBXVariantGroup;
			children = (
				78E75F4B1AC5FC48001A93F1 /* Base */,
			);
			name = LaunchScreen.xib;
			sourceTree = "<group>";
		};
/* End PBXVariantGroup section */

/* Begin XCBuildConfiguration section */
		78E75F591AC5FC48001A93F1 /* Debug */ = {
			isa = XCBuildConfiguration;
			buildSettings = {
				ALWAYS_SEARCH_USER_PATHS = NO;
				CLANG_CXX_LANGUAGE_STANDARD = "gnu++0x";
				CLANG_CXX_LIBRARY = "libc++";
				CLANG_ENABLE_MODULES = YES;
				CLANG_ENABLE_OBJC_ARC = YES;
				CLANG_WARN_BOOL_CONVERSION = YES;
				CLANG_WARN_CONSTANT_CONVERSION = YES;
				CLANG_WARN_DIRECT_OBJC_ISA_USAGE = YES_ERROR;
				CLANG_WARN_EMPTY_BODY = YES;
				CLANG_WARN_ENUM_CONVERSION = YES;
				CLANG_WARN_INT_CONVERSION = YES;
				CLANG_WARN_OBJC_ROOT_CLASS = YES_ERROR;
				CLANG_WARN_UNREACHABLE_CODE = YES;
				CLANG_WARN__DUPLICATE_METHOD_MATCH = YES;
				"CODE_SIGN_IDENTITY[sdk=iphoneos*]" = "iPhone Developer";
				COPY_PHASE_STRIP = NO;
				ENABLE_STRICT_OBJC_MSGSEND = YES;
				ENABLE_TESTABILITY = YES;
				GCC_C_LANGUAGE_STANDARD = gnu99;
				GCC_DYNAMIC_NO_PIC = NO;
				GCC_OPTIMIZATION_LEVEL = 0;
				GCC_PREPROCESSOR_DEFINITIONS = (
					"DEBUG=1",
					"$(inherited)",
				);
				GCC_SYMBOLS_PRIVATE_EXTERN = NO;
				GCC_WARN_64_TO_32_BIT_CONVERSION = YES;
				GCC_WARN_ABOUT_RETURN_TYPE = YES_ERROR;
				GCC_WARN_UNDECLARED_SELECTOR = YES;
				GCC_WARN_UNINITIALIZED_AUTOS = YES_AGGRESSIVE;
				GCC_WARN_UNUSED_FUNCTION = YES;
				GCC_WARN_UNUSED_VARIABLE = YES;
				IPHONEOS_DEPLOYMENT_TARGET = 8.2;
				MTL_ENABLE_DEBUG_INFO = YES;
				ONLY_ACTIVE_ARCH = YES;
				SDKROOT = iphoneos;
				SWIFT_OPTIMIZATION_LEVEL = "-Onone";
			};
			name = Debug;
		};
		78E75F5A1AC5FC48001A93F1 /* Release */ = {
			isa = XCBuildConfiguration;
			buildSettings = {
				ALWAYS_SEARCH_USER_PATHS = NO;
				CLANG_CXX_LANGUAGE_STANDARD = "gnu++0x";
				CLANG_CXX_LIBRARY = "libc++";
				CLANG_ENABLE_MODULES = YES;
				CLANG_ENABLE_OBJC_ARC = YES;
				CLANG_WARN_BOOL_CONVERSION = YES;
				CLANG_WARN_CONSTANT_CONVERSION = YES;
				CLANG_WARN_DIRECT_OBJC_ISA_USAGE = YES_ERROR;
				CLANG_WARN_EMPTY_BODY = YES;
				CLANG_WARN_ENUM_CONVERSION = YES;
				CLANG_WARN_INT_CONVERSION = YES;
				CLANG_WARN_OBJC_ROOT_CLASS = YES_ERROR;
				CLANG_WARN_UNREACHABLE_CODE = YES;
				CLANG_WARN__DUPLICATE_METHOD_MATCH = YES;
				"CODE_SIGN_IDENTITY[sdk=iphoneos*]" = "iPhone Developer";
				COPY_PHASE_STRIP = NO;
				ENABLE_NS_ASSERTIONS = NO;
				ENABLE_STRICT_OBJC_MSGSEND = YES;
				GCC_C_LANGUAGE_STANDARD = gnu99;
				GCC_WARN_64_TO_32_BIT_CONVERSION = YES;
				GCC_WARN_ABOUT_RETURN_TYPE = YES_ERROR;
				GCC_WARN_UNDECLARED_SELECTOR = YES;
				GCC_WARN_UNINITIALIZED_AUTOS = YES_AGGRESSIVE;
				GCC_WARN_UNUSED_FUNCTION = YES;
				GCC_WARN_UNUSED_VARIABLE = YES;
				IPHONEOS_DEPLOYMENT_TARGET = 8.2;
				MTL_ENABLE_DEBUG_INFO = NO;
				SDKROOT = iphoneos;
				VALIDATE_PRODUCT = YES;
			};
			name = Release;
		};
		78E75F5C1AC5FC48001A93F1 /* Debug */ = {
			isa = XCBuildConfiguration;
			buildSettings = {
				ASSETCATALOG_COMPILER_APPICON_NAME = AppIcon;
				CODE_SIGN_IDENTITY = "iPhone Developer";
				INFOPLIST_FILE = UIPageViewController/Info.plist;
				LD_RUNPATH_SEARCH_PATHS = "$(inherited) @executable_path/Frameworks";
				PRODUCT_BUNDLE_IDENTIFIER = ca.evtechnologies.uapp;
				PRODUCT_NAME = "$(TARGET_NAME)";
				SWIFT_OBJC_BRIDGING_HEADER = ObjectiveC_Bridging_Header.h;
			};
			name = Debug;
		};
		78E75F5D1AC5FC48001A93F1 /* Release */ = {
			isa = XCBuildConfiguration;
			buildSettings = {
				ASSETCATALOG_COMPILER_APPICON_NAME = AppIcon;
				CODE_SIGN_IDENTITY = "iPhone Developer";
				INFOPLIST_FILE = UIPageViewController/Info.plist;
				LD_RUNPATH_SEARCH_PATHS = "$(inherited) @executable_path/Frameworks";
				PRODUCT_BUNDLE_IDENTIFIER = ca.evtechnologies.uapp;
				PRODUCT_NAME = "$(TARGET_NAME)";
				SWIFT_OBJC_BRIDGING_HEADER = ObjectiveC_Bridging_Header.h;
			};
			name = Release;
		};
		78E75F5F1AC5FC48001A93F1 /* Debug */ = {
			isa = XCBuildConfiguration;
			buildSettings = {
				BUNDLE_LOADER = "$(TEST_HOST)";
				FRAMEWORK_SEARCH_PATHS = (
					"$(SDKROOT)/Developer/Library/Frameworks",
					"$(inherited)",
				);
				GCC_PREPROCESSOR_DEFINITIONS = (
					"DEBUG=1",
					"$(inherited)",
				);
				INFOPLIST_FILE = UIPageViewControllerTests/Info.plist;
				LD_RUNPATH_SEARCH_PATHS = "$(inherited) @executable_path/Frameworks @loader_path/Frameworks";
				PRODUCT_BUNDLE_IDENTIFIER = "com.veasoftware.$(PRODUCT_NAME:rfc1034identifier)";
				PRODUCT_NAME = "$(TARGET_NAME)";
				TEST_HOST = "$(BUILT_PRODUCTS_DIR)/UIPageViewController.app/UIPageViewController";
			};
			name = Debug;
		};
		78E75F601AC5FC48001A93F1 /* Release */ = {
			isa = XCBuildConfiguration;
			buildSettings = {
				BUNDLE_LOADER = "$(TEST_HOST)";
				FRAMEWORK_SEARCH_PATHS = (
					"$(SDKROOT)/Developer/Library/Frameworks",
					"$(inherited)",
				);
				INFOPLIST_FILE = UIPageViewControllerTests/Info.plist;
				LD_RUNPATH_SEARCH_PATHS = "$(inherited) @executable_path/Frameworks @loader_path/Frameworks";
				PRODUCT_BUNDLE_IDENTIFIER = "com.veasoftware.$(PRODUCT_NAME:rfc1034identifier)";
				PRODUCT_NAME = "$(TARGET_NAME)";
				TEST_HOST = "$(BUILT_PRODUCTS_DIR)/UIPageViewController.app/UIPageViewController";
			};
			name = Release;
		};
/* End XCBuildConfiguration section */

/* Begin XCConfigurationList section */
		78E75F371AC5FC48001A93F1 /* Build configuration list for PBXProject "UIPageViewController" */ = {
			isa = XCConfigurationList;
			buildConfigurations = (
				78E75F591AC5FC48001A93F1 /* Debug */,
				78E75F5A1AC5FC48001A93F1 /* Release */,
			);
			defaultConfigurationIsVisible = 0;
			defaultConfigurationName = Release;
		};
		78E75F5B1AC5FC48001A93F1 /* Build configuration list for PBXNativeTarget "UIPageViewController" */ = {
			isa = XCConfigurationList;
			buildConfigurations = (
				78E75F5C1AC5FC48001A93F1 /* Debug */,
				78E75F5D1AC5FC48001A93F1 /* Release */,
			);
			defaultConfigurationIsVisible = 0;
			defaultConfigurationName = Release;
		};
		78E75F5E1AC5FC48001A93F1 /* Build configuration list for PBXNativeTarget "UIPageViewControllerTests" */ = {
			isa = XCConfigurationList;
			buildConfigurations = (
				78E75F5F1AC5FC48001A93F1 /* Debug */,
				78E75F601AC5FC48001A93F1 /* Release */,
			);
			defaultConfigurationIsVisible = 0;
			defaultConfigurationName = Release;
		};
/* End XCConfigurationList section */
	};
	rootObject = 78E75F341AC5FC48001A93F1 /* Project object */;
}
