// !$*UTF8*$!
{
	archiveVersion = 1;
	classes = {
	};
	objectVersion = 46;
	objects = {

/* Begin PBXBuildFile section */
		0F140FFA1B97D1C800B8FAFE /* school name.plist in Resources */ = {isa = PBXBuildFile; fileRef = 0F140FF91B97D1C800B8FAFE /* school name.plist */; };
		0FA8D65E1B8CEC5D00172D19 /* NavigationController.swift in Sources */ = {isa = PBXBuildFile; fileRef = 0FA8D65D1B8CEC5D00172D19 /* NavigationController.swift */; };
		2F5E43721BBCB25C002435E2 /* User.swift in Sources */ = {isa = PBXBuildFile; fileRef = 2F5E43711BBCB25C002435E2 /* User.swift */; };
		2F5E43741BBCB608002435E2 /* Section.swift in Sources */ = {isa = PBXBuildFile; fileRef = 2F5E43731BBCB608002435E2 /* Section.swift */; };
		2F6EFBFD1B9F9AD4002487DD /* LaunchAfter.swift in Sources */ = {isa = PBXBuildFile; fileRef = 2F6EFBFC1B9F9AD4002487DD /* LaunchAfter.swift */; };
		2F75EF461BACA5B9005C167E /* MessageMainView.swift in Sources */ = {isa = PBXBuildFile; fileRef = 2F75EF451BACA5B9005C167E /* MessageMainView.swift */; };
		2F75EF481BACA938005C167E /* PushInside.swift in Sources */ = {isa = PBXBuildFile; fileRef = 2F75EF471BACA938005C167E /* PushInside.swift */; };
		2F75EF4A1BACA9E2005C167E /* AddFriends.swift in Sources */ = {isa = PBXBuildFile; fileRef = 2F75EF491BACA9E2005C167E /* AddFriends.swift */; };
		2F75EF4C1BACAC3F005C167E /* ChatViewController.swift in Sources */ = {isa = PBXBuildFile; fileRef = 2F75EF4B1BACAC3F005C167E /* ChatViewController.swift */; };
		2F75EF4E1BACBD03005C167E /* profile_blank@2x.png in Resources */ = {isa = PBXBuildFile; fileRef = 2F75EF4D1BACBD03005C167E /* profile_blank@2x.png */; };
		2F8A4F281BB476ED007EEACE /* MessageAction.swift in Sources */ = {isa = PBXBuildFile; fileRef = 2F8A4F261BB476ED007EEACE /* MessageAction.swift */; };
		2F8A4F291BB476ED007EEACE /* UserAction.swift in Sources */ = {isa = PBXBuildFile; fileRef = 2F8A4F271BB476ED007EEACE /* UserAction.swift */; };
		78E75F421AC5FC48001A93F1 /* AppDelegate.swift in Sources */ = {isa = PBXBuildFile; fileRef = 78E75F411AC5FC48001A93F1 /* AppDelegate.swift */; };
		78E75F441AC5FC48001A93F1 /* ViewController.swift in Sources */ = {isa = PBXBuildFile; fileRef = 78E75F431AC5FC48001A93F1 /* ViewController.swift */; };
		78E75F471AC5FC48001A93F1 /* Main.storyboard in Resources */ = {isa = PBXBuildFile; fileRef = 78E75F451AC5FC48001A93F1 /* Main.storyboard */; };
		78E75F491AC5FC48001A93F1 /* Images.xcassets in Resources */ = {isa = PBXBuildFile; fileRef = 78E75F481AC5FC48001A93F1 /* Images.xcassets */; };
		78E75F4C1AC5FC48001A93F1 /* LaunchScreen.xib in Resources */ = {isa = PBXBuildFile; fileRef = 78E75F4A1AC5FC48001A93F1 /* LaunchScreen.xib */; };
		78E75F581AC5FC48001A93F1 /* UIPageViewControllerTests.swift in Sources */ = {isa = PBXBuildFile; fileRef = 78E75F571AC5FC48001A93F1 /* UIPageViewControllerTests.swift */; };
		78E75F621AC5FCF1001A93F1 /* ContentViewController.swift in Sources */ = {isa = PBXBuildFile; fileRef = 78E75F611AC5FCF1001A93F1 /* ContentViewController.swift */; };
		9368C4761B97CD5100BE6608 /* userinf.plist in Resources */ = {isa = PBXBuildFile; fileRef = 9368C4751B97CD5100BE6608 /* userinf.plist */; };
		9384036B1BAB7D6600B2D5AB /* Feeds.swift in Sources */ = {isa = PBXBuildFile; fileRef = 9384036A1BAB7D6600B2D5AB /* Feeds.swift */; };
		9384036D1BAB7DCD00B2D5AB /* HotTopic.swift in Sources */ = {isa = PBXBuildFile; fileRef = 9384036C1BAB7DCD00B2D5AB /* HotTopic.swift */; };
		9384036F1BAB7E0C00B2D5AB /* Discover.swift in Sources */ = {isa = PBXBuildFile; fileRef = 9384036E1BAB7E0C00B2D5AB /* Discover.swift */; };
		938403731BACBEBD00B2D5AB /* TableViewCell.swift in Sources */ = {isa = PBXBuildFile; fileRef = 938403721BACBEBD00B2D5AB /* TableViewCell.swift */; };
		938403751BACC53300B2D5AB /* customerCell.swift in Sources */ = {isa = PBXBuildFile; fileRef = 938403741BACC53300B2D5AB /* customerCell.swift */; };
		93DC4AE71BA24F7B006237F5 /* firsttimecheck.plist in Resources */ = {isa = PBXBuildFile; fileRef = 93DC4AE61BA24F7B006237F5 /* firsttimecheck.plist */; };
		93DC4B6D1BA9E5E6006237F5 /* SetBarViewController.swift in Sources */ = {isa = PBXBuildFile; fileRef = 93DC4B6C1BA9E5E6006237F5 /* SetBarViewController.swift */; };
		93DC4B6F1BA9FD6E006237F5 /* SetBarSetting.swift in Sources */ = {isa = PBXBuildFile; fileRef = 93DC4B6E1BA9FD6E006237F5 /* SetBarSetting.swift */; };
		93DC4BAB1BAA3346006237F5 /* BookShopViewController.swift in Sources */ = {isa = PBXBuildFile; fileRef = 93DC4BAA1BAA3346006237F5 /* BookShopViewController.swift */; };
		93DC4BAD1BAA3371006237F5 /* UCloudViewController.swift in Sources */ = {isa = PBXBuildFile; fileRef = 93DC4BAC1BAA3371006237F5 /* UCloudViewController.swift */; };
		93DC4BB11BAA33B2006237F5 /* InforViewController.swift in Sources */ = {isa = PBXBuildFile; fileRef = 93DC4BB01BAA33B2006237F5 /* InforViewController.swift */; };
		A409437A1B8D26EF009E824C /* FlickrSearcher.swift in Sources */ = {isa = PBXBuildFile; fileRef = A40943791B8D26EF009E824C /* FlickrSearcher.swift */; };
		A4200F281B8FABA7000B3BD2 /* EmptySegue.swift in Sources */ = {isa = PBXBuildFile; fileRef = A4200F271B8FABA7000B3BD2 /* EmptySegue.swift */; };
		A4335A371B8E5E3300C14B54 /* MyPhotoViewController.swift in Sources */ = {isa = PBXBuildFile; fileRef = A4335A361B8E5E3300C14B54 /* MyPhotoViewController.swift */; };
		A4335A391B8E694500C14B54 /* MyPhotoCellViewCell.swift in Sources */ = {isa = PBXBuildFile; fileRef = A4335A381B8E694500C14B54 /* MyPhotoCellViewCell.swift */; };
		A4335A3B1B8E903C00C14B54 /* ActivitiesViewController.swift in Sources */ = {isa = PBXBuildFile; fileRef = A4335A3A1B8E903C00C14B54 /* ActivitiesViewController.swift */; };
		A43CFD131B90CC25007342A9 /* MessageViewController.swift in Sources */ = {isa = PBXBuildFile; fileRef = A43CFD121B90CC25007342A9 /* MessageViewController.swift */; };
		A43DA9C61B85A3DF00DA1B6B /* schools.txt in Resources */ = {isa = PBXBuildFile; fileRef = A43DA9C51B85A3DF00DA1B6B /* schools.txt */; };
		A445F0B41B7D35F7004B3E1B /* FindSchoolViewController.swift in Sources */ = {isa = PBXBuildFile; fileRef = A445F0B31B7D35F7004B3E1B /* FindSchoolViewController.swift */; };
		A445F0B61B7D3827004B3E1B /* SchoolItem.swift in Sources */ = {isa = PBXBuildFile; fileRef = A445F0B51B7D3827004B3E1B /* SchoolItem.swift */; };
		A445F0F21B7D645A004B3E1B /* SignUpViewController.swift in Sources */ = {isa = PBXBuildFile; fileRef = A445F0F11B7D645A004B3E1B /* SignUpViewController.swift */; };
		A4533FFE1BB5C7BE00FA2330 /* AddClassViewController.swift in Sources */ = {isa = PBXBuildFile; fileRef = A4533FFD1BB5C7BE00FA2330 /* AddClassViewController.swift */; };
		A45340011BB5CA5C00FA2330 /* CommFunc.swift in Sources */ = {isa = PBXBuildFile; fileRef = A45340001BB5CA5C00FA2330 /* CommFunc.swift */; };
		A45340031BB5DC5E00FA2330 /* SwiftyJSON.swift in Sources */ = {isa = PBXBuildFile; fileRef = A45340021BB5DC5E00FA2330 /* SwiftyJSON.swift */; };
		A4732E071BB08ED200DA2669 /* wheel2.png in Resources */ = {isa = PBXBuildFile; fileRef = A4732E061BB08ED200DA2669 /* wheel2.png */; };
		A486411C1BB31663002B261B /* ScheduleViewController.swift in Sources */ = {isa = PBXBuildFile; fileRef = A48641181BB31663002B261B /* ScheduleViewController.swift */; };
		A486411D1BB31663002B261B /* SMRotaryProtocol.swift in Sources */ = {isa = PBXBuildFile; fileRef = A48641191BB31663002B261B /* SMRotaryProtocol.swift */; };
		A486411E1BB31663002B261B /* SMRotaryWheel.swift in Sources */ = {isa = PBXBuildFile; fileRef = A486411A1BB31663002B261B /* SMRotaryWheel.swift */; };
		A486411F1BB31663002B261B /* SMSector.swift in Sources */ = {isa = PBXBuildFile; fileRef = A486411B1BB31663002B261B /* SMSector.swift */; };
		A48641211BB31AD3002B261B /* PinglunandHuifuViewController.swift in Sources */ = {isa = PBXBuildFile; fileRef = A48641201BB31AD3002B261B /* PinglunandHuifuViewController.swift */; };
		A48641251BB31C8B002B261B /* qq.png in Resources */ = {isa = PBXBuildFile; fileRef = A48641241BB31C8B002B261B /* qq.png */; };
		A4BC4856735B1C8D1C45A1B6 /* libPods.a in Frameworks */ = {isa = PBXBuildFile; fileRef = C9BDFD18188BFE32ECE26A67 /* libPods.a */; };
		A4DB51251B8944BD00976222 /* MenuViewController.swift in Sources */ = {isa = PBXBuildFile; fileRef = A4DB51241B8944BD00976222 /* MenuViewController.swift */; };
		A4DB51271B8954C700976222 /* HomeViewController.swift in Sources */ = {isa = PBXBuildFile; fileRef = A4DB51261B8954C700976222 /* HomeViewController.swift */; };
		A4DB51291B89904400976222 /* Extensions.swift in Sources */ = {isa = PBXBuildFile; fileRef = A4DB51281B89904400976222 /* Extensions.swift */; };
		A4DB512D1B8991B700976222 /* MenuItems.plist in Resources */ = {isa = PBXBuildFile; fileRef = A4DB512C1B8991B700976222 /* MenuItems.plist */; };
		A4DB512F1B89928600976222 /* MenuItemCell.swift in Sources */ = {isa = PBXBuildFile; fileRef = A4DB512E1B89928600976222 /* MenuItemCell.swift */; };
		A4DB51311B8995FF00976222 /* DetailViewController.swift in Sources */ = {isa = PBXBuildFile; fileRef = A4DB51301B8995FF00976222 /* DetailViewController.swift */; };
		A4DB51351B89B65100976222 /* HamburgerView.swift in Sources */ = {isa = PBXBuildFile; fileRef = A4DB51341B89B65100976222 /* HamburgerView.swift */; };
		A4ED19611B8B881F004B3D1B /* libsqlite3.tbd in Frameworks */ = {isa = PBXBuildFile; fileRef = A4ED19601B8B881F004B3D1B /* libsqlite3.tbd */; };
		A4F36C3E1B82573E002CC587 /* Constants.swift in Sources */ = {isa = PBXBuildFile; fileRef = A4F36C3D1B82573E002CC587 /* Constants.swift */; };
		EC7A10FD1BA7978C002BF22E /* SettingViewController.swift in Sources */ = {isa = PBXBuildFile; fileRef = EC7A10FC1BA7978C002BF22E /* SettingViewController.swift */; settings = {ASSET_TAGS = (); }; };
/* End PBXBuildFile section */

/* Begin PBXContainerItemProxy section */
		78E75F521AC5FC48001A93F1 /* PBXContainerItemProxy */ = {
			isa = PBXContainerItemProxy;
			containerPortal = 78E75F341AC5FC48001A93F1 /* Project object */;
			proxyType = 1;
			remoteGlobalIDString = 78E75F3B1AC5FC48001A93F1;
			remoteInfo = UIPageViewController;
		};
/* End PBXContainerItemProxy section */

/* Begin PBXFileReference section */
		0F140FF91B97D1C800B8FAFE /* school name.plist */ = {isa = PBXFileReference; fileEncoding = 4; lastKnownFileType = text.plist.xml; path = "school name.plist"; sourceTree = "<group>"; };
		0FA8D65D1B8CEC5D00172D19 /* NavigationController.swift */ = {isa = PBXFileReference; fileEncoding = 4; lastKnownFileType = sourcecode.swift; path = NavigationController.swift; sourceTree = "<group>"; };
		2F5E43711BBCB25C002435E2 /* User.swift */ = {isa = PBXFileReference; fileEncoding = 4; lastKnownFileType = sourcecode.swift; path = User.swift; sourceTree = "<group>"; };
		2F5E43731BBCB608002435E2 /* Section.swift */ = {isa = PBXFileReference; fileEncoding = 4; lastKnownFileType = sourcecode.swift; path = Section.swift; sourceTree = "<group>"; };
		2F6EFBFC1B9F9AD4002487DD /* LaunchAfter.swift */ = {isa = PBXFileReference; fileEncoding = 4; lastKnownFileType = sourcecode.swift; path = LaunchAfter.swift; sourceTree = "<group>"; };
		2F75EF451BACA5B9005C167E /* MessageMainView.swift */ = {isa = PBXFileReference; fileEncoding = 4; lastKnownFileType = sourcecode.swift; path = MessageMainView.swift; sourceTree = "<group>"; };
		2F75EF471BACA938005C167E /* PushInside.swift */ = {isa = PBXFileReference; fileEncoding = 4; lastKnownFileType = sourcecode.swift; path = PushInside.swift; sourceTree = "<group>"; };
		2F75EF491BACA9E2005C167E /* AddFriends.swift */ = {isa = PBXFileReference; fileEncoding = 4; lastKnownFileType = sourcecode.swift; path = AddFriends.swift; sourceTree = "<group>"; };
		2F75EF4B1BACAC3F005C167E /* ChatViewController.swift */ = {isa = PBXFileReference; fileEncoding = 4; lastKnownFileType = sourcecode.swift; path = ChatViewController.swift; sourceTree = "<group>"; };
		2F75EF4D1BACBD03005C167E /* profile_blank@2x.png */ = {isa = PBXFileReference; lastKnownFileType = image.png; name = "profile_blank@2x.png"; path = "Resource/profile_blank@2x.png"; sourceTree = "<group>"; };
		2F8A4F261BB476ED007EEACE /* MessageAction.swift */ = {isa = PBXFileReference; fileEncoding = 4; lastKnownFileType = sourcecode.swift; path = MessageAction.swift; sourceTree = "<group>"; };
		2F8A4F271BB476ED007EEACE /* UserAction.swift */ = {isa = PBXFileReference; fileEncoding = 4; lastKnownFileType = sourcecode.swift; path = UserAction.swift; sourceTree = "<group>"; };
		44DE8D6FE573C50F52B21B64 /* Pods.release.xcconfig */ = {isa = PBXFileReference; includeInIndex = 1; lastKnownFileType = text.xcconfig; name = Pods.release.xcconfig; path = "Pods/Target Support Files/Pods/Pods.release.xcconfig"; sourceTree = "<group>"; };
		58E46A51F82C31CF7C5EE6F9 /* Pods.debug.xcconfig */ = {isa = PBXFileReference; includeInIndex = 1; lastKnownFileType = text.xcconfig; name = Pods.debug.xcconfig; path = "Pods/Target Support Files/Pods/Pods.debug.xcconfig"; sourceTree = "<group>"; };
		78E75F3C1AC5FC48001A93F1 /* Uapp.app */ = {isa = PBXFileReference; explicitFileType = wrapper.application; includeInIndex = 0; path = Uapp.app; sourceTree = BUILT_PRODUCTS_DIR; };
		78E75F401AC5FC48001A93F1 /* Info.plist */ = {isa = PBXFileReference; lastKnownFileType = text.plist.xml; path = Info.plist; sourceTree = "<group>"; };
		78E75F411AC5FC48001A93F1 /* AppDelegate.swift */ = {isa = PBXFileReference; lastKnownFileType = sourcecode.swift; path = AppDelegate.swift; sourceTree = "<group>"; };
		78E75F431AC5FC48001A93F1 /* ViewController.swift */ = {isa = PBXFileReference; lastKnownFileType = sourcecode.swift; path = ViewController.swift; sourceTree = "<group>"; };
		78E75F461AC5FC48001A93F1 /* Base */ = {isa = PBXFileReference; lastKnownFileType = file.storyboard; name = Base; path = Base.lproj/Main.storyboard; sourceTree = "<group>"; };
		78E75F481AC5FC48001A93F1 /* Images.xcassets */ = {isa = PBXFileReference; lastKnownFileType = folder.assetcatalog; path = Images.xcassets; sourceTree = "<group>"; };
		78E75F4B1AC5FC48001A93F1 /* Base */ = {isa = PBXFileReference; lastKnownFileType = file.xib; name = Base; path = Base.lproj/LaunchScreen.xib; sourceTree = "<group>"; };
		78E75F511AC5FC48001A93F1 /* Uapp.xctest */ = {isa = PBXFileReference; explicitFileType = wrapper.cfbundle; includeInIndex = 0; path = Uapp.xctest; sourceTree = BUILT_PRODUCTS_DIR; };
		78E75F561AC5FC48001A93F1 /* Info.plist */ = {isa = PBXFileReference; lastKnownFileType = text.plist.xml; path = Info.plist; sourceTree = "<group>"; };
		78E75F571AC5FC48001A93F1 /* UIPageViewControllerTests.swift */ = {isa = PBXFileReference; lastKnownFileType = sourcecode.swift; path = UIPageViewControllerTests.swift; sourceTree = "<group>"; };
		78E75F611AC5FCF1001A93F1 /* ContentViewController.swift */ = {isa = PBXFileReference; fileEncoding = 4; lastKnownFileType = sourcecode.swift; path = ContentViewController.swift; sourceTree = "<group>"; };
		9368C4751B97CD5100BE6608 /* userinf.plist */ = {isa = PBXFileReference; fileEncoding = 4; lastKnownFileType = text.plist.xml; path = userinf.plist; sourceTree = "<group>"; };
		9384036A1BAB7D6600B2D5AB /* Feeds.swift */ = {isa = PBXFileReference; fileEncoding = 4; lastKnownFileType = sourcecode.swift; path = Feeds.swift; sourceTree = "<group>"; };
		9384036C1BAB7DCD00B2D5AB /* HotTopic.swift */ = {isa = PBXFileReference; fileEncoding = 4; lastKnownFileType = sourcecode.swift; path = HotTopic.swift; sourceTree = "<group>"; };
		9384036E1BAB7E0C00B2D5AB /* Discover.swift */ = {isa = PBXFileReference; fileEncoding = 4; lastKnownFileType = sourcecode.swift; path = Discover.swift; sourceTree = "<group>"; };
		938403721BACBEBD00B2D5AB /* TableViewCell.swift */ = {isa = PBXFileReference; fileEncoding = 4; lastKnownFileType = sourcecode.swift; path = TableViewCell.swift; sourceTree = "<group>"; };
		938403741BACC53300B2D5AB /* customerCell.swift */ = {isa = PBXFileReference; fileEncoding = 4; lastKnownFileType = sourcecode.swift; path = customerCell.swift; sourceTree = "<group>"; };
		93DC4AE61BA24F7B006237F5 /* firsttimecheck.plist */ = {isa = PBXFileReference; fileEncoding = 4; lastKnownFileType = text.plist.xml; path = firsttimecheck.plist; sourceTree = "<group>"; };
		93DC4B6C1BA9E5E6006237F5 /* SetBarViewController.swift */ = {isa = PBXFileReference; fileEncoding = 4; lastKnownFileType = sourcecode.swift; path = SetBarViewController.swift; sourceTree = "<group>"; };
		93DC4B6E1BA9FD6E006237F5 /* SetBarSetting.swift */ = {isa = PBXFileReference; fileEncoding = 4; lastKnownFileType = sourcecode.swift; path = SetBarSetting.swift; sourceTree = "<group>"; };
		93DC4BAA1BAA3346006237F5 /* BookShopViewController.swift */ = {isa = PBXFileReference; fileEncoding = 4; lastKnownFileType = sourcecode.swift; path = BookShopViewController.swift; sourceTree = "<group>"; };
		93DC4BAC1BAA3371006237F5 /* UCloudViewController.swift */ = {isa = PBXFileReference; fileEncoding = 4; lastKnownFileType = sourcecode.swift; path = UCloudViewController.swift; sourceTree = "<group>"; };
		93DC4BB01BAA33B2006237F5 /* InforViewController.swift */ = {isa = PBXFileReference; fileEncoding = 4; lastKnownFileType = sourcecode.swift; path = InforViewController.swift; sourceTree = "<group>"; };
		A40943791B8D26EF009E824C /* FlickrSearcher.swift */ = {isa = PBXFileReference; fileEncoding = 4; lastKnownFileType = sourcecode.swift; path = FlickrSearcher.swift; sourceTree = "<group>"; };
		A4200F271B8FABA7000B3BD2 /* EmptySegue.swift */ = {isa = PBXFileReference; fileEncoding = 4; lastKnownFileType = sourcecode.swift; path = EmptySegue.swift; sourceTree = "<group>"; };
		A4335A361B8E5E3300C14B54 /* MyPhotoViewController.swift */ = {isa = PBXFileReference; fileEncoding = 4; lastKnownFileType = sourcecode.swift; path = MyPhotoViewController.swift; sourceTree = "<group>"; };
		A4335A381B8E694500C14B54 /* MyPhotoCellViewCell.swift */ = {isa = PBXFileReference; fileEncoding = 4; lastKnownFileType = sourcecode.swift; path = MyPhotoCellViewCell.swift; sourceTree = "<group>"; };
		A4335A3A1B8E903C00C14B54 /* ActivitiesViewController.swift */ = {isa = PBXFileReference; fileEncoding = 4; lastKnownFileType = sourcecode.swift; path = ActivitiesViewController.swift; sourceTree = "<group>"; };
		A43CFD121B90CC25007342A9 /* MessageViewController.swift */ = {isa = PBXFileReference; fileEncoding = 4; lastKnownFileType = sourcecode.swift; path = MessageViewController.swift; sourceTree = "<group>"; };
		A43DA9C51B85A3DF00DA1B6B /* schools.txt */ = {isa = PBXFileReference; fileEncoding = 4; lastKnownFileType = text; name = schools.txt; path = UIPageViewController/schools.txt; sourceTree = "<group>"; };
		A445F0B31B7D35F7004B3E1B /* FindSchoolViewController.swift */ = {isa = PBXFileReference; fileEncoding = 4; lastKnownFileType = sourcecode.swift; path = FindSchoolViewController.swift; sourceTree = "<group>"; };
		A445F0B51B7D3827004B3E1B /* SchoolItem.swift */ = {isa = PBXFileReference; fileEncoding = 4; lastKnownFileType = sourcecode.swift; path = SchoolItem.swift; sourceTree = "<group>"; };
		A445F0F11B7D645A004B3E1B /* SignUpViewController.swift */ = {isa = PBXFileReference; fileEncoding = 4; lastKnownFileType = sourcecode.swift; path = SignUpViewController.swift; sourceTree = "<group>"; };
		A4533FFD1BB5C7BE00FA2330 /* AddClassViewController.swift */ = {isa = PBXFileReference; fileEncoding = 4; lastKnownFileType = sourcecode.swift; path = AddClassViewController.swift; sourceTree = "<group>"; };
		A45340001BB5CA5C00FA2330 /* CommFunc.swift */ = {isa = PBXFileReference; fileEncoding = 4; lastKnownFileType = sourcecode.swift; path = CommFunc.swift; sourceTree = "<group>"; };
		A45340021BB5DC5E00FA2330 /* SwiftyJSON.swift */ = {isa = PBXFileReference; fileEncoding = 4; lastKnownFileType = sourcecode.swift; path = SwiftyJSON.swift; sourceTree = "<group>"; };
		A4732E061BB08ED200DA2669 /* wheel2.png */ = {isa = PBXFileReference; lastKnownFileType = image.png; path = wheel2.png; sourceTree = "<group>"; };
		A48641181BB31663002B261B /* ScheduleViewController.swift */ = {isa = PBXFileReference; fileEncoding = 4; lastKnownFileType = sourcecode.swift; name = ScheduleViewController.swift; path = Schedule/ScheduleViewController.swift; sourceTree = "<group>"; };
		A48641191BB31663002B261B /* SMRotaryProtocol.swift */ = {isa = PBXFileReference; fileEncoding = 4; lastKnownFileType = sourcecode.swift; name = SMRotaryProtocol.swift; path = Schedule/SMRotaryProtocol.swift; sourceTree = "<group>"; };
		A486411A1BB31663002B261B /* SMRotaryWheel.swift */ = {isa = PBXFileReference; fileEncoding = 4; lastKnownFileType = sourcecode.swift; name = SMRotaryWheel.swift; path = Schedule/SMRotaryWheel.swift; sourceTree = "<group>"; };
		A486411B1BB31663002B261B /* SMSector.swift */ = {isa = PBXFileReference; fileEncoding = 4; lastKnownFileType = sourcecode.swift; name = SMSector.swift; path = Schedule/SMSector.swift; sourceTree = "<group>"; };
		A48641201BB31AD3002B261B /* PinglunandHuifuViewController.swift */ = {isa = PBXFileReference; fileEncoding = 4; lastKnownFileType = sourcecode.swift; path = PinglunandHuifuViewController.swift; sourceTree = "<group>"; };
		A48641241BB31C8B002B261B /* qq.png */ = {isa = PBXFileReference; lastKnownFileType = image.png; path = qq.png; sourceTree = "<group>"; };
		A4D3EA801B7EB98500A0480E /* ObjectiveC_Bridging_Header.h */ = {isa = PBXFileReference; lastKnownFileType = sourcecode.c.h; name = ObjectiveC_Bridging_Header.h; path = ../ObjectiveC_Bridging_Header.h; sourceTree = "<group>"; };
		A4DB51241B8944BD00976222 /* MenuViewController.swift */ = {isa = PBXFileReference; fileEncoding = 4; lastKnownFileType = sourcecode.swift; path = MenuViewController.swift; sourceTree = "<group>"; };
		A4DB51261B8954C700976222 /* HomeViewController.swift */ = {isa = PBXFileReference; fileEncoding = 4; lastKnownFileType = sourcecode.swift; path = HomeViewController.swift; sourceTree = "<group>"; };
		A4DB51281B89904400976222 /* Extensions.swift */ = {isa = PBXFileReference; fileEncoding = 4; lastKnownFileType = sourcecode.swift; path = Extensions.swift; sourceTree = "<group>"; };
		A4DB512C1B8991B700976222 /* MenuItems.plist */ = {isa = PBXFileReference; fileEncoding = 4; lastKnownFileType = text.plist.xml; path = MenuItems.plist; sourceTree = "<group>"; };
		A4DB512E1B89928600976222 /* MenuItemCell.swift */ = {isa = PBXFileReference; fileEncoding = 4; lastKnownFileType = sourcecode.swift; path = MenuItemCell.swift; sourceTree = "<group>"; };
		A4DB51301B8995FF00976222 /* DetailViewController.swift */ = {isa = PBXFileReference; fileEncoding = 4; lastKnownFileType = sourcecode.swift; path = DetailViewController.swift; sourceTree = "<group>"; };
		A4DB51341B89B65100976222 /* HamburgerView.swift */ = {isa = PBXFileReference; fileEncoding = 4; lastKnownFileType = sourcecode.swift; path = HamburgerView.swift; sourceTree = "<group>"; };
		A4ED19601B8B881F004B3D1B /* libsqlite3.tbd */ = {isa = PBXFileReference; lastKnownFileType = "sourcecode.text-based-dylib-definition"; name = libsqlite3.tbd; path = usr/lib/libsqlite3.tbd; sourceTree = SDKROOT; };
		A4F36C3D1B82573E002CC587 /* Constants.swift */ = {isa = PBXFileReference; fileEncoding = 4; lastKnownFileType = sourcecode.swift; name = Constants.swift; path = ../Constants.swift; sourceTree = "<group>"; };
		C9BDFD18188BFE32ECE26A67 /* libPods.a */ = {isa = PBXFileReference; explicitFileType = archive.ar; includeInIndex = 0; path = libPods.a; sourceTree = BUILT_PRODUCTS_DIR; };
		EC7A10FC1BA7978C002BF22E /* SettingViewController.swift */ = {isa = PBXFileReference; fileEncoding = 4; lastKnownFileType = sourcecode.swift; path = SettingViewController.swift; sourceTree = "<group>"; };
/* End PBXFileReference section */

/* Begin PBXFrameworksBuildPhase section */
		78E75F391AC5FC48001A93F1 /* Frameworks */ = {
			isa = PBXFrameworksBuildPhase;
			buildActionMask = 2147483647;
			files = (
				A4ED19611B8B881F004B3D1B /* libsqlite3.tbd in Frameworks */,
				A4BC4856735B1C8D1C45A1B6 /* libPods.a in Frameworks */,
			);
			runOnlyForDeploymentPostprocessing = 0;
		};
		78E75F4E1AC5FC48001A93F1 /* Frameworks */ = {
			isa = PBXFrameworksBuildPhase;
			buildActionMask = 2147483647;
			files = (
			);
			runOnlyForDeploymentPostprocessing = 0;
		};
/* End PBXFrameworksBuildPhase section */

/* Begin PBXGroup section */
		2F9EAAAD1BB5BEBF006A8126 /* Chat */ = {
			isa = PBXGroup;
			children = (
				2F75EF451BACA5B9005C167E /* MessageMainView.swift */,
				2F75EF471BACA938005C167E /* PushInside.swift */,
				2F75EF491BACA9E2005C167E /* AddFriends.swift */,
				2F75EF4B1BACAC3F005C167E /* ChatViewController.swift */,
				2F8A4F261BB476ED007EEACE /* MessageAction.swift */,
				2F8A4F271BB476ED007EEACE /* UserAction.swift */,
				2F5E43711BBCB25C002435E2 /* User.swift */,
				2F5E43731BBCB608002435E2 /* Section.swift */,
			);
			name = Chat;
			sourceTree = "<group>";
		};
		78E75F331AC5FC48001A93F1 = {
			isa = PBXGroup;
			children = (
				A43DA9C71B85A74D00DA1B6B /* Resource */,
				78E75F3E1AC5FC48001A93F1 /* Uapp */,
				78E75F541AC5FC48001A93F1 /* UappTests */,
				78E75F3D1AC5FC48001A93F1 /* Products */,
				C03F8C97DFD76D3E4D9554CB /* Pods */,
				E50F66C935583CC1A2B44AF2 /* Frameworks */,
			);
			sourceTree = "<group>";
		};
		78E75F3D1AC5FC48001A93F1 /* Products */ = {
			isa = PBXGroup;
			children = (
				78E75F3C1AC5FC48001A93F1 /* Uapp.app */,
				78E75F511AC5FC48001A93F1 /* Uapp.xctest */,
			);
			name = Products;
			sourceTree = "<group>";
		};
		78E75F3E1AC5FC48001A93F1 /* Uapp */ = {
			isa = PBXGroup;
			children = (
				A4533FFF1BB5C98600FA2330 /* Common */,
				A48641241BB31C8B002B261B /* qq.png */,
				A48641201BB31AD3002B261B /* PinglunandHuifuViewController.swift */,
				A486410E1BB3162F002B261B /* Schedule */,
				A4DB51261B8954C700976222 /* HomeViewController.swift */,
				78E75F411AC5FC48001A93F1 /* AppDelegate.swift */,
				A4335A3A1B8E903C00C14B54 /* ActivitiesViewController.swift */,
				A4DB51341B89B65100976222 /* HamburgerView.swift */,
				78E75F431AC5FC48001A93F1 /* ViewController.swift */,
				A4DB512C1B8991B700976222 /* MenuItems.plist */,
				A40943791B8D26EF009E824C /* FlickrSearcher.swift */,
				78E75F611AC5FCF1001A93F1 /* ContentViewController.swift */,
				A445F0B31B7D35F7004B3E1B /* FindSchoolViewController.swift */,
				A445F0B51B7D3827004B3E1B /* SchoolItem.swift */,
				A445F0F11B7D645A004B3E1B /* SignUpViewController.swift */,
				78E75F451AC5FC48001A93F1 /* Main.storyboard */,
				0F140FF91B97D1C800B8FAFE /* school name.plist */,
				A43CFD121B90CC25007342A9 /* MessageViewController.swift */,
				A4200F271B8FABA7000B3BD2 /* EmptySegue.swift */,
				A4335A381B8E694500C14B54 /* MyPhotoCellViewCell.swift */,
				A4335A361B8E5E3300C14B54 /* MyPhotoViewController.swift */,
				0FA8D65D1B8CEC5D00172D19 /* NavigationController.swift */,
				A4DB51301B8995FF00976222 /* DetailViewController.swift */,
				A4DB51281B89904400976222 /* Extensions.swift */,
				A4DB512E1B89928600976222 /* MenuItemCell.swift */,
				EC7A10FC1BA7978C002BF22E /* SettingViewController.swift */,
				A4DB51241B8944BD00976222 /* MenuViewController.swift */,
				78E75F481AC5FC48001A93F1 /* Images.xcassets */,
				A4732E061BB08ED200DA2669 /* wheel2.png */,
				78E75F4A1AC5FC48001A93F1 /* LaunchScreen.xib */,
				78E75F3F1AC5FC48001A93F1 /* Supporting Files */,
				9368C4751B97CD5100BE6608 /* userinf.plist */,
				2F6EFBFC1B9F9AD4002487DD /* LaunchAfter.swift */,
				93DC4AE61BA24F7B006237F5 /* firsttimecheck.plist */,
				93DC4B6C1BA9E5E6006237F5 /* SetBarViewController.swift */,
				93DC4B6E1BA9FD6E006237F5 /* SetBarSetting.swift */,
				93DC4BAA1BAA3346006237F5 /* BookShopViewController.swift */,
				93DC4BAC1BAA3371006237F5 /* UCloudViewController.swift */,
				93DC4BB01BAA33B2006237F5 /* InforViewController.swift */,
				9384036A1BAB7D6600B2D5AB /* Feeds.swift */,
				9384036C1BAB7DCD00B2D5AB /* HotTopic.swift */,
				9384036E1BAB7E0C00B2D5AB /* Discover.swift */,
				2F9EAAAD1BB5BEBF006A8126 /* Chat */,
				938403721BACBEBD00B2D5AB /* TableViewCell.swift */,
				938403741BACC53300B2D5AB /* customerCell.swift */,
			);
			name = Uapp;
			path = UIPageViewController;
			sourceTree = "<group>";
		};
		78E75F3F1AC5FC48001A93F1 /* Supporting Files */ = {
			isa = PBXGroup;
			children = (
				A4D3EA801B7EB98500A0480E /* ObjectiveC_Bridging_Header.h */,
				78E75F401AC5FC48001A93F1 /* Info.plist */,
			);
			name = "Supporting Files";
			sourceTree = "<group>";
		};
		78E75F541AC5FC48001A93F1 /* UappTests */ = {
			isa = PBXGroup;
			children = (
				78E75F571AC5FC48001A93F1 /* UIPageViewControllerTests.swift */,
				78E75F551AC5FC48001A93F1 /* Supporting Files */,
			);
			name = UappTests;
			path = UIPageViewControllerTests;
			sourceTree = "<group>";
		};
		78E75F551AC5FC48001A93F1 /* Supporting Files */ = {
			isa = PBXGroup;
			children = (
				78E75F561AC5FC48001A93F1 /* Info.plist */,
			);
			name = "Supporting Files";
			sourceTree = "<group>";
		};
		A43DA9C71B85A74D00DA1B6B /* Resource */ = {
			isa = PBXGroup;
			children = (
				2F75EF4D1BACBD03005C167E /* profile_blank@2x.png */,
				A43DA9C51B85A3DF00DA1B6B /* schools.txt */,
			);
			name = Resource;
			sourceTree = "<group>";
		};
		A4533FFF1BB5C98600FA2330 /* Common */ = {
			isa = PBXGroup;
			children = (
				A4F36C3D1B82573E002CC587 /* Constants.swift */,
				A45340001BB5CA5C00FA2330 /* CommFunc.swift */,
				A45340021BB5DC5E00FA2330 /* SwiftyJSON.swift */,
			);
			name = Common;
			sourceTree = "<group>";
		};
		A486410E1BB3162F002B261B /* Schedule */ = {
			isa = PBXGroup;
			children = (
				A48641181BB31663002B261B /* ScheduleViewController.swift */,
				A48641191BB31663002B261B /* SMRotaryProtocol.swift */,
				A486411A1BB31663002B261B /* SMRotaryWheel.swift */,
				A486411B1BB31663002B261B /* SMSector.swift */,
				A4533FFD1BB5C7BE00FA2330 /* AddClassViewController.swift */,
			);
			name = Schedule;
			sourceTree = "<group>";
		};
		C03F8C97DFD76D3E4D9554CB /* Pods */ = {
			isa = PBXGroup;
			children = (
				58E46A51F82C31CF7C5EE6F9 /* Pods.debug.xcconfig */,
				44DE8D6FE573C50F52B21B64 /* Pods.release.xcconfig */,
			);
			name = Pods;
			sourceTree = "<group>";
		};
		E50F66C935583CC1A2B44AF2 /* Frameworks */ = {
			isa = PBXGroup;
			children = (
				A4ED19601B8B881F004B3D1B /* libsqlite3.tbd */,
				C9BDFD18188BFE32ECE26A67 /* libPods.a */,
			);
			name = Frameworks;
			sourceTree = "<group>";
		};
/* End PBXGroup section */

/* Begin PBXNativeTarget section */
		78E75F3B1AC5FC48001A93F1 /* Uapp */ = {
			isa = PBXNativeTarget;
			buildConfigurationList = 78E75F5B1AC5FC48001A93F1 /* Build configuration list for PBXNativeTarget "Uapp" */;
			buildPhases = (
				2733EEFD7BBBBCD6F2108F20 /* Check Pods Manifest.lock */,
				78E75F381AC5FC48001A93F1 /* Sources */,
				78E75F391AC5FC48001A93F1 /* Frameworks */,
				78E75F3A1AC5FC48001A93F1 /* Resources */,
				DC36780A6BAFA4ADBE3792E9 /* Copy Pods Resources */,
			);
			buildRules = (
			);
			dependencies = (
			);
			name = Uapp;
			productName = UIPageViewController;
			productReference = 78E75F3C1AC5FC48001A93F1 /* Uapp.app */;
			productType = "com.apple.product-type.application";
		};
		78E75F501AC5FC48001A93F1 /* UappTests */ = {
			isa = PBXNativeTarget;
			buildConfigurationList = 78E75F5E1AC5FC48001A93F1 /* Build configuration list for PBXNativeTarget "UappTests" */;
			buildPhases = (
				78E75F4D1AC5FC48001A93F1 /* Sources */,
				78E75F4E1AC5FC48001A93F1 /* Frameworks */,
				78E75F4F1AC5FC48001A93F1 /* Resources */,
			);
			buildRules = (
			);
			dependencies = (
				78E75F531AC5FC48001A93F1 /* PBXTargetDependency */,
			);
			name = UappTests;
			productName = UIPageViewControllerTests;
			productReference = 78E75F511AC5FC48001A93F1 /* Uapp.xctest */;
			productType = "com.apple.product-type.bundle.unit-test";
		};
/* End PBXNativeTarget section */

/* Begin PBXProject section */
		78E75F341AC5FC48001A93F1 /* Project object */ = {
			isa = PBXProject;
			attributes = {
				LastSwiftUpdateCheck = 0700;
				LastUpgradeCheck = 0700;
				ORGANIZATIONNAME = "Vea Software";
				TargetAttributes = {
					78E75F3B1AC5FC48001A93F1 = {
						DevelopmentTeam = LD7DY78L8K;
					};
					78E75F501AC5FC48001A93F1 = {
						CreatedOnToolsVersion = 6.2;
						DevelopmentTeam = V39EF4QG4J;
						TestTargetID = 78E75F3B1AC5FC48001A93F1;
					};
				};
			};
			buildConfigurationList = 78E75F371AC5FC48001A93F1 /* Build configuration list for PBXProject "Uapp" */;
			compatibilityVersion = "Xcode 3.2";
			developmentRegion = English;
			hasScannedForEncodings = 0;
			knownRegions = (
				en,
				Base,
			);
			mainGroup = 78E75F331AC5FC48001A93F1;
			productRefGroup = 78E75F3D1AC5FC48001A93F1 /* Products */;
			projectDirPath = "";
			projectRoot = "";
			targets = (
				78E75F3B1AC5FC48001A93F1 /* Uapp */,
				78E75F501AC5FC48001A93F1 /* UappTests */,
			);
		};
/* End PBXProject section */

/* Begin PBXResourcesBuildPhase section */
		78E75F3A1AC5FC48001A93F1 /* Resources */ = {
			isa = PBXResourcesBuildPhase;
			buildActionMask = 2147483647;
			files = (
				78E75F471AC5FC48001A93F1 /* Main.storyboard in Resources */,
				A4732E071BB08ED200DA2669 /* wheel2.png in Resources */,
				2F75EF4E1BACBD03005C167E /* profile_blank@2x.png in Resources */,
				78E75F4C1AC5FC48001A93F1 /* LaunchScreen.xib in Resources */,
				9368C4761B97CD5100BE6608 /* userinf.plist in Resources */,
				93DC4AE71BA24F7B006237F5 /* firsttimecheck.plist in Resources */,
				A4DB512D1B8991B700976222 /* MenuItems.plist in Resources */,
				A48641251BB31C8B002B261B /* qq.png in Resources */,
				0F140FFA1B97D1C800B8FAFE /* school name.plist in Resources */,
				A43DA9C61B85A3DF00DA1B6B /* schools.txt in Resources */,
				78E75F491AC5FC48001A93F1 /* Images.xcassets in Resources */,
			);
			runOnlyForDeploymentPostprocessing = 0;
		};
		78E75F4F1AC5FC48001A93F1 /* Resources */ = {
			isa = PBXResourcesBuildPhase;
			buildActionMask = 2147483647;
			files = (
			);
			runOnlyForDeploymentPostprocessing = 0;
		};
/* End PBXResourcesBuildPhase section */

/* Begin PBXShellScriptBuildPhase section */
		2733EEFD7BBBBCD6F2108F20 /* Check Pods Manifest.lock */ = {
			isa = PBXShellScriptBuildPhase;
			buildActionMask = 2147483647;
			files = (
			);
			inputPaths = (
			);
			name = "Check Pods Manifest.lock";
			outputPaths = (
			);
			runOnlyForDeploymentPostprocessing = 0;
			shellPath = /bin/sh;
			shellScript = "diff \"${PODS_ROOT}/../Podfile.lock\" \"${PODS_ROOT}/Manifest.lock\" > /dev/null\nif [[ $? != 0 ]] ; then\n    cat << EOM\nerror: The sandbox is not in sync with the Podfile.lock. Run 'pod install' or update your CocoaPods installation.\nEOM\n    exit 1\nfi\n";
			showEnvVarsInLog = 0;
		};
		DC36780A6BAFA4ADBE3792E9 /* Copy Pods Resources */ = {
			isa = PBXShellScriptBuildPhase;
			buildActionMask = 2147483647;
			files = (
			);
			inputPaths = (
			);
			name = "Copy Pods Resources";
			outputPaths = (
			);
			runOnlyForDeploymentPostprocessing = 0;
			shellPath = /bin/sh;
			shellScript = "\"${SRCROOT}/Pods/Target Support Files/Pods/Pods-resources.sh\"\n";
			showEnvVarsInLog = 0;
		};
/* End PBXShellScriptBuildPhase section */

/* Begin PBXSourcesBuildPhase section */
		78E75F381AC5FC48001A93F1 /* Sources */ = {
			isa = PBXSourcesBuildPhase;
			buildActionMask = 2147483647;
			files = (
				A486411E1BB31663002B261B /* SMRotaryWheel.swift in Sources */,
				A4533FFE1BB5C7BE00FA2330 /* AddClassViewController.swift in Sources */,
				2F5E43721BBCB25C002435E2 /* User.swift in Sources */,
				93DC4BAD1BAA3371006237F5 /* UCloudViewController.swift in Sources */,
				A486411D1BB31663002B261B /* SMRotaryProtocol.swift in Sources */,
				78E75F441AC5FC48001A93F1 /* ViewController.swift in Sources */,
				9384036B1BAB7D6600B2D5AB /* Feeds.swift in Sources */,
				9384036F1BAB7E0C00B2D5AB /* Discover.swift in Sources */,
				93DC4B6F1BA9FD6E006237F5 /* SetBarSetting.swift in Sources */,
				A486411C1BB31663002B261B /* ScheduleViewController.swift in Sources */,
				93DC4B6D1BA9E5E6006237F5 /* SetBarViewController.swift in Sources */,
				A4335A391B8E694500C14B54 /* MyPhotoCellViewCell.swift in Sources */,
				A4335A3B1B8E903C00C14B54 /* ActivitiesViewController.swift in Sources */,
				A445F0F21B7D645A004B3E1B /* SignUpViewController.swift in Sources */,
				A4DB512F1B89928600976222 /* MenuItemCell.swift in Sources */,
				9384036D1BAB7DCD00B2D5AB /* HotTopic.swift in Sources */,
				A48641211BB31AD3002B261B /* PinglunandHuifuViewController.swift in Sources */,
				A45340011BB5CA5C00FA2330 /* CommFunc.swift in Sources */,
				2F75EF4A1BACA9E2005C167E /* AddFriends.swift in Sources */,
				93DC4BAB1BAA3346006237F5 /* BookShopViewController.swift in Sources */,
				2F6EFBFD1B9F9AD4002487DD /* LaunchAfter.swift in Sources */,
				A4DB51351B89B65100976222 /* HamburgerView.swift in Sources */,
				A4DB51311B8995FF00976222 /* DetailViewController.swift in Sources */,
				A409437A1B8D26EF009E824C /* FlickrSearcher.swift in Sources */,
				A486411F1BB31663002B261B /* SMSector.swift in Sources */,
				93DC4BB11BAA33B2006237F5 /* InforViewController.swift in Sources */,
				2F8A4F281BB476ED007EEACE /* MessageAction.swift in Sources */,
				EC7A10FD1BA7978C002BF22E /* SettingViewController.swift in Sources */,
				A445F0B41B7D35F7004B3E1B /* FindSchoolViewController.swift in Sources */,
				938403731BACBEBD00B2D5AB /* TableViewCell.swift in Sources */,
				938403751BACC53300B2D5AB /* customerCell.swift in Sources */,
				2F75EF4C1BACAC3F005C167E /* ChatViewController.swift in Sources */,
				A45340031BB5DC5E00FA2330 /* SwiftyJSON.swift in Sources */,
				A4335A371B8E5E3300C14B54 /* MyPhotoViewController.swift in Sources */,
				0FA8D65E1B8CEC5D00172D19 /* NavigationController.swift in Sources */,
				A4DB51251B8944BD00976222 /* MenuViewController.swift in Sources */,
				2F75EF461BACA5B9005C167E /* MessageMainView.swift in Sources */,
				78E75F621AC5FCF1001A93F1 /* ContentViewController.swift in Sources */,
				2F8A4F291BB476ED007EEACE /* UserAction.swift in Sources */,
				A4DB51291B89904400976222 /* Extensions.swift in Sources */,
				A4DB51271B8954C700976222 /* HomeViewController.swift in Sources */,
				A4200F281B8FABA7000B3BD2 /* EmptySegue.swift in Sources */,
				2F75EF481BACA938005C167E /* PushInside.swift in Sources */,
				A43CFD131B90CC25007342A9 /* MessageViewController.swift in Sources */,
				A4F36C3E1B82573E002CC587 /* Constants.swift in Sources */,
				2F5E43741BBCB608002435E2 /* Section.swift in Sources */,
				78E75F421AC5FC48001A93F1 /* AppDelegate.swift in Sources */,
				A445F0B61B7D3827004B3E1B /* SchoolItem.swift in Sources */,
			);
			runOnlyForDeploymentPostprocessing = 0;
		};
		78E75F4D1AC5FC48001A93F1 /* Sources */ = {
			isa = PBXSourcesBuildPhase;
			buildActionMask = 2147483647;
			files = (
				78E75F581AC5FC48001A93F1 /* UIPageViewControllerTests.swift in Sources */,
			);
			runOnlyForDeploymentPostprocessing = 0;
		};
/* End PBXSourcesBuildPhase section */

/* Begin PBXTargetDependency section */
		78E75F531AC5FC48001A93F1 /* PBXTargetDependency */ = {
			isa = PBXTargetDependency;
			target = 78E75F3B1AC5FC48001A93F1 /* Uapp */;
			targetProxy = 78E75F521AC5FC48001A93F1 /* PBXContainerItemProxy */;
		};
/* End PBXTargetDependency section */

/* Begin PBXVariantGroup section */
		78E75F451AC5FC48001A93F1 /* Main.storyboard */ = {
			isa = PBXVariantGroup;
			children = (
				78E75F461AC5FC48001A93F1 /* Base */,
			);
			name = Main.storyboard;
			sourceTree = "<group>";
		};
		78E75F4A1AC5FC48001A93F1 /* LaunchScreen.xib */ = {
			isa = PBXVariantGroup;
			children = (
				78E75F4B1AC5FC48001A93F1 /* Base */,
			);
			name = LaunchScreen.xib;
			sourceTree = "<group>";
		};
/* End PBXVariantGroup section */

/* Begin XCBuildConfiguration section */
		78E75F591AC5FC48001A93F1 /* Debug */ = {
			isa = XCBuildConfiguration;
			buildSettings = {
				ALWAYS_SEARCH_USER_PATHS = NO;
				CLANG_CXX_LANGUAGE_STANDARD = "gnu++0x";
				CLANG_CXX_LIBRARY = "libc++";
				CLANG_ENABLE_MODULES = YES;
				CLANG_ENABLE_OBJC_ARC = YES;
				CLANG_WARN_BOOL_CONVERSION = YES;
				CLANG_WARN_CONSTANT_CONVERSION = YES;
				CLANG_WARN_DIRECT_OBJC_ISA_USAGE = YES_ERROR;
				CLANG_WARN_EMPTY_BODY = YES;
				CLANG_WARN_ENUM_CONVERSION = YES;
				CLANG_WARN_INT_CONVERSION = YES;
				CLANG_WARN_OBJC_ROOT_CLASS = YES_ERROR;
				CLANG_WARN_UNREACHABLE_CODE = YES;
				CLANG_WARN__DUPLICATE_METHOD_MATCH = YES;
				"CODE_SIGN_IDENTITY[sdk=iphoneos*]" = "iPhone Developer";
				COPY_PHASE_STRIP = NO;
				ENABLE_STRICT_OBJC_MSGSEND = YES;
				ENABLE_TESTABILITY = YES;
				GCC_C_LANGUAGE_STANDARD = gnu99;
				GCC_DYNAMIC_NO_PIC = NO;
				GCC_OPTIMIZATION_LEVEL = 0;
				GCC_PREPROCESSOR_DEFINITIONS = (
					"DEBUG=1",
					"$(inherited)",
				);
				GCC_SYMBOLS_PRIVATE_EXTERN = NO;
				GCC_WARN_64_TO_32_BIT_CONVERSION = YES;
				GCC_WARN_ABOUT_RETURN_TYPE = YES_ERROR;
				GCC_WARN_UNDECLARED_SELECTOR = YES;
				GCC_WARN_UNINITIALIZED_AUTOS = YES_AGGRESSIVE;
				GCC_WARN_UNUSED_FUNCTION = YES;
				GCC_WARN_UNUSED_VARIABLE = YES;
				IPHONEOS_DEPLOYMENT_TARGET = 8.2;
				MTL_ENABLE_DEBUG_INFO = YES;
				ONLY_ACTIVE_ARCH = YES;
				SDKROOT = iphoneos;
				SWIFT_OPTIMIZATION_LEVEL = "-Onone";
			};
			name = Debug;
		};
		78E75F5A1AC5FC48001A93F1 /* Release */ = {
			isa = XCBuildConfiguration;
			buildSettings = {
				ALWAYS_SEARCH_USER_PATHS = NO;
				CLANG_CXX_LANGUAGE_STANDARD = "gnu++0x";
				CLANG_CXX_LIBRARY = "libc++";
				CLANG_ENABLE_MODULES = YES;
				CLANG_ENABLE_OBJC_ARC = YES;
				CLANG_WARN_BOOL_CONVERSION = YES;
				CLANG_WARN_CONSTANT_CONVERSION = YES;
				CLANG_WARN_DIRECT_OBJC_ISA_USAGE = YES_ERROR;
				CLANG_WARN_EMPTY_BODY = YES;
				CLANG_WARN_ENUM_CONVERSION = YES;
				CLANG_WARN_INT_CONVERSION = YES;
				CLANG_WARN_OBJC_ROOT_CLASS = YES_ERROR;
				CLANG_WARN_UNREACHABLE_CODE = YES;
				CLANG_WARN__DUPLICATE_METHOD_MATCH = YES;
				"CODE_SIGN_IDENTITY[sdk=iphoneos*]" = "iPhone Developer";
				COPY_PHASE_STRIP = NO;
				ENABLE_NS_ASSERTIONS = NO;
				ENABLE_STRICT_OBJC_MSGSEND = YES;
				GCC_C_LANGUAGE_STANDARD = gnu99;
				GCC_WARN_64_TO_32_BIT_CONVERSION = YES;
				GCC_WARN_ABOUT_RETURN_TYPE = YES_ERROR;
				GCC_WARN_UNDECLARED_SELECTOR = YES;
				GCC_WARN_UNINITIALIZED_AUTOS = YES_AGGRESSIVE;
				GCC_WARN_UNUSED_FUNCTION = YES;
				GCC_WARN_UNUSED_VARIABLE = YES;
				IPHONEOS_DEPLOYMENT_TARGET = 8.2;
				MTL_ENABLE_DEBUG_INFO = NO;
				SDKROOT = iphoneos;
				VALIDATE_PRODUCT = YES;
			};
			name = Release;
		};
		78E75F5C1AC5FC48001A93F1 /* Debug */ = {
			isa = XCBuildConfiguration;
			baseConfigurationReference = 58E46A51F82C31CF7C5EE6F9 /* Pods.debug.xcconfig */;
			buildSettings = {
				ASSETCATALOG_COMPILER_APPICON_NAME = AppIcon;
				CODE_SIGN_IDENTITY = "iPhone Developer";
				"CODE_SIGN_IDENTITY[sdk=iphoneos*]" = "iPhone Developer";
				INFOPLIST_FILE = UIPageViewController/Info.plist;
				IPHONEOS_DEPLOYMENT_TARGET = 8.4;
				LD_RUNPATH_SEARCH_PATHS = "$(inherited) @executable_path/Frameworks";
				PRODUCT_BUNDLE_IDENTIFIER = ca.evtechnologies.uap299;
				PRODUCT_NAME = Uapp;
				PROVISIONING_PROFILE = "";
				SWIFT_OBJC_BRIDGING_HEADER = ObjectiveC_Bridging_Header.h;
			};
			name = Debug;
		};
		78E75F5D1AC5FC48001A93F1 /* Release */ = {
			isa = XCBuildConfiguration;
			baseConfigurationReference = 44DE8D6FE573C50F52B21B64 /* Pods.release.xcconfig */;
			buildSettings = {
				ASSETCATALOG_COMPILER_APPICON_NAME = AppIcon;
				CODE_SIGN_IDENTITY = "iPhone Developer";
				"CODE_SIGN_IDENTITY[sdk=iphoneos*]" = "iPhone Developer";
				INFOPLIST_FILE = UIPageViewController/Info.plist;
				IPHONEOS_DEPLOYMENT_TARGET = 8.4;
				LD_RUNPATH_SEARCH_PATHS = "$(inherited) @executable_path/Frameworks";
				PRODUCT_BUNDLE_IDENTIFIER = ca.evtechnologies.uap299;
				PRODUCT_NAME = Uapp;
				PROVISIONING_PROFILE = "";
				SWIFT_OBJC_BRIDGING_HEADER = ObjectiveC_Bridging_Header.h;
			};
			name = Release;
		};
		78E75F5F1AC5FC48001A93F1 /* Debug */ = {
			isa = XCBuildConfiguration;
			buildSettings = {
				CODE_SIGN_IDENTITY = "iPhone Developer";
				"CODE_SIGN_IDENTITY[sdk=iphoneos*]" = "iPhone Developer";
				FRAMEWORK_SEARCH_PATHS = (
					"$(SDKROOT)/Developer/Library/Frameworks",
					"$(inherited)",
				);
				GCC_PREPROCESSOR_DEFINITIONS = (
					"DEBUG=1",
					"$(inherited)",
				);
				INFOPLIST_FILE = UIPageViewControllerTests/Info.plist;
				LD_RUNPATH_SEARCH_PATHS = "$(inherited) @executable_path/Frameworks @loader_path/Frameworks";
				PRODUCT_BUNDLE_IDENTIFIER = "com.veasoftware.$(PRODUCT_NAME:rfc1034identifier)";
				PRODUCT_NAME = Uapp;
				PROVISIONING_PROFILE = "";
				TEST_HOST = "$(BUILT_PRODUCTS_DIR)/Uapp.app/Uapp";
			};
			name = Debug;
		};
		78E75F601AC5FC48001A93F1 /* Release */ = {
			isa = XCBuildConfiguration;
			buildSettings = {
				CODE_SIGN_IDENTITY = "iPhone Developer";
				"CODE_SIGN_IDENTITY[sdk=iphoneos*]" = "iPhone Developer";
				FRAMEWORK_SEARCH_PATHS = (
					"$(SDKROOT)/Developer/Library/Frameworks",
					"$(inherited)",
				);
				INFOPLIST_FILE = UIPageViewControllerTests/Info.plist;
				LD_RUNPATH_SEARCH_PATHS = "$(inherited) @executable_path/Frameworks @loader_path/Frameworks";
				PRODUCT_BUNDLE_IDENTIFIER = "com.veasoftware.$(PRODUCT_NAME:rfc1034identifier)";
				PRODUCT_NAME = Uapp;
				PROVISIONING_PROFILE = "";
				TEST_HOST = "$(BUILT_PRODUCTS_DIR)/Uapp.app/Uapp";
			};
			name = Release;
		};
/* End XCBuildConfiguration section */

/* Begin XCConfigurationList section */
		78E75F371AC5FC48001A93F1 /* Build configuration list for PBXProject "Uapp" */ = {
			isa = XCConfigurationList;
			buildConfigurations = (
				78E75F591AC5FC48001A93F1 /* Debug */,
				78E75F5A1AC5FC48001A93F1 /* Release */,
			);
			defaultConfigurationIsVisible = 0;
			defaultConfigurationName = Release;
		};
		78E75F5B1AC5FC48001A93F1 /* Build configuration list for PBXNativeTarget "Uapp" */ = {
			isa = XCConfigurationList;
			buildConfigurations = (
				78E75F5C1AC5FC48001A93F1 /* Debug */,
				78E75F5D1AC5FC48001A93F1 /* Release */,
			);
			defaultConfigurationIsVisible = 0;
			defaultConfigurationName = Release;
		};
		78E75F5E1AC5FC48001A93F1 /* Build configuration list for PBXNativeTarget "UappTests" */ = {
			isa = XCConfigurationList;
			buildConfigurations = (
				78E75F5F1AC5FC48001A93F1 /* Debug */,
				78E75F601AC5FC48001A93F1 /* Release */,
			);
			defaultConfigurationIsVisible = 0;
			defaultConfigurationName = Release;
		};
/* End XCConfigurationList section */
	};
	rootObject = 78E75F341AC5FC48001A93F1 /* Project object */;
}
